<Solution>
  <Folder Name="/Solution Items/">
    <File Path="Directory.Build.Props" />
  </Folder>
  <Project Path="finitassignment.client/finitassignment.client.esproj">
    <Build />
    <Deploy />
  </Project>
  <Project Path="FinitAssignment.Domain/FinitAssignment.Domain.csproj" Id="83b756be-412c-4500-9fb7-ef5b15a1c241" />
  <Project Path="FinitAssignment.Server/FinitAssignment.Server.csproj" />
</Solution>
